
Microsoft Visual Studio Solution File, Format Version 12.00
Project("{FAE04EC0-301F-11D3-BF4B-00C04F79EFBC}") = "EchoServer", "EchoServer\EchoServer.csproj", "{D3DC1F91-2A60-404E-9C65-D7207A084D1C}"
EndProject
Project("{FAE04EC0-301F-11D3-BF4B-00C04F79EFBC}") = "EchoClient", "EchoClient\EchoClient.csproj", "{37249705-8C91-4EF6-91CF-D8D15AC942AD}"
EndProject
Global
	GlobalSection(SolutionConfigurationPlatforms) = preSolution
		Debug|Any CPU = Debug|Any CPU
		Release|Any CPU = Release|Any CPU
	EndGlobalSection
	GlobalSection(ProjectConfigurationPlatforms) = postSolution
		{D3DC1F91-2A60-404E-9C65-D7207A084D1C}.Debug|Any CPU.ActiveCfg = Debug|Any CPU
		{D3DC1F91-2A60-404E-9C65-D7207A084D1C}.Debug|Any CPU.Build.0 = Debug|Any CPU
		{D3DC1F91-2A60-404E-9C65-D7207A084D1C}.Release|Any CPU.ActiveCfg = Release|Any CPU
		{D3DC1F91-2A60-404E-9C65-D7207A084D1C}.Release|Any CPU.Build.0 = Release|Any CPU
		{37249705-8C91-4EF6-91CF-D8D15AC942AD}.Debug|Any CPU.ActiveCfg = Debug|Any CPU
		{37249705-8C91-4EF6-91CF-D8D15AC942AD}.Debug|Any CPU.Build.0 = Debug|Any CPU
		{37249705-8C91-4EF6-91CF-D8D15AC942AD}.Release|Any CPU.ActiveCfg = Release|Any CPU
		{37249705-8C91-4EF6-91CF-D8D15AC942AD}.Release|Any CPU.Build.0 = Release|Any CPU
	EndGlobalSection
EndGlobal
